// !$*UTF8*$!
{
	archiveVersion = 1;
	classes = {
	};
	objectVersion = 55;
	objects = {

/* Begin PBXBuildFile section */
		B844AA6527B6CBF400B9853D /* AppDelegate.swift in Sources */ = {isa = PBXBuildFile; fileRef = B844AA6427B6CBF400B9853D /* AppDelegate.swift */; };
		B844AA6727B6CBF400B9853D /* SceneDelegate.swift in Sources */ = {isa = PBXBuildFile; fileRef = B844AA6627B6CBF400B9853D /* SceneDelegate.swift */; };
		B844AA6927B6CBF400B9853D /* ViewController.swift in Sources */ = {isa = PBXBuildFile; fileRef = B844AA6827B6CBF400B9853D /* ViewController.swift */; };
		B844AA6C27B6CBF400B9853D /* Main.storyboard in Resources */ = {isa = PBXBuildFile; fileRef = B844AA6A27B6CBF400B9853D /* Main.storyboard */; };
		B844AA6F27B6CBF400B9853D /* To_Do.xcdatamodeld in Sources */ = {isa = PBXBuildFile; fileRef = B844AA6D27B6CBF400B9853D /* To_Do.xcdatamodeld */; };
		B844AA7127B6CBF600B9853D /* Assets.xcassets in Resources */ = {isa = PBXBuildFile; fileRef = B844AA7027B6CBF600B9853D /* Assets.xcassets */; };
		B844AA7427B6CBF600B9853D /* LaunchScreen.storyboard in Resources */ = {isa = PBXBuildFile; fileRef = B844AA7227B6CBF600B9853D /* LaunchScreen.storyboard */; };
		B844AA7F27B6CBF600B9853D /* To_DoTests.swift in Sources */ = {isa = PBXBuildFile; fileRef = B844AA7E27B6CBF600B9853D /* To_DoTests.swift */; };
		B844AA8927B6CBF600B9853D /* To_DoUITests.swift in Sources */ = {isa = PBXBuildFile; fileRef = B844AA8827B6CBF600B9853D /* To_DoUITests.swift */; };
		B844AA8B27B6CBF600B9853D /* To_DoUITestsLaunchTests.swift in Sources */ = {isa = PBXBuildFile; fileRef = B844AA8A27B6CBF600B9853D /* To_DoUITestsLaunchTests.swift */; };
		B844AB1227B6E93B00B9853D /* TaskListBuilder.swift in Sources */ = {isa = PBXBuildFile; fileRef = B844AB0227B6E93B00B9853D /* TaskListBuilder.swift */; };
		B844AB1327B6E93B00B9853D /* TaskListPresentation.swift in Sources */ = {isa = PBXBuildFile; fileRef = B844AB0327B6E93B00B9853D /* TaskListPresentation.swift */; };
		B844AB1427B6E93B00B9853D /* TaskListRouter.swift in Sources */ = {isa = PBXBuildFile; fileRef = B844AB0427B6E93B00B9853D /* TaskListRouter.swift */; };
		B844AB1527B6E93B00B9853D /* TaskList.storyboard in Resources */ = {isa = PBXBuildFile; fileRef = B844AB0527B6E93B00B9853D /* TaskList.storyboard */; };
		B844AB1627B6E93B00B9853D /* TaskListInteractor.swift in Sources */ = {isa = PBXBuildFile; fileRef = B844AB0627B6E93B00B9853D /* TaskListInteractor.swift */; };
		B844AB1727B6E93B00B9853D /* TaskListContracts.swift in Sources */ = {isa = PBXBuildFile; fileRef = B844AB0727B6E93B00B9853D /* TaskListContracts.swift */; };
		B844AB1827B6E93B00B9853D /* TaskListViewController.swift in Sources */ = {isa = PBXBuildFile; fileRef = B844AB0827B6E93B00B9853D /* TaskListViewController.swift */; };
		B844AB1927B6E93B00B9853D /* TaskListPresenter.swift in Sources */ = {isa = PBXBuildFile; fileRef = B844AB0927B6E93B00B9853D /* TaskListPresenter.swift */; };
		B844AB1A27B6E93B00B9853D /* Constants.swift in Sources */ = {isa = PBXBuildFile; fileRef = B844AB0C27B6E93B00B9853D /* Constants.swift */; };
		B844AB1B27B6E93B00B9853D /* CoreDataManager.swift in Sources */ = {isa = PBXBuildFile; fileRef = B844AB0E27B6E93B00B9853D /* CoreDataManager.swift */; };
		B844AB1C27B6E93B00B9853D /* TaskDTO.swift in Sources */ = {isa = PBXBuildFile; fileRef = B844AB0F27B6E93B00B9853D /* TaskDTO.swift */; };
		B844AB1D27B6E93B00B9853D /* LocalNotificationManager.swift in Sources */ = {isa = PBXBuildFile; fileRef = B844AB1027B6E93B00B9853D /* LocalNotificationManager.swift */; };
		B844AB1E27B6E93B00B9853D /* ManagerContracts.swift in Sources */ = {isa = PBXBuildFile; fileRef = B844AB1127B6E93B00B9853D /* ManagerContracts.swift */; };
		B844AB2127B6F1F400B9853D /* TaskDetailBuilder.swift in Sources */ = {isa = PBXBuildFile; fileRef = B844AB2027B6F1F400B9853D /* TaskDetailBuilder.swift */; };
		B844AB2327B6F34000B9853D /* TaskDetailTableViewController.swift in Sources */ = {isa = PBXBuildFile; fileRef = B844AB2227B6F34000B9853D /* TaskDetailTableViewController.swift */; };
		B844AB2627B6F3A400B9853D /* TaskDetailContracts.swift in Sources */ = {isa = PBXBuildFile; fileRef = B844AB2527B6F3A400B9853D /* TaskDetailContracts.swift */; };
		B844AB2827B6F3B300B9853D /* TaskDetailPresentation.swift in Sources */ = {isa = PBXBuildFile; fileRef = B844AB2727B6F3B300B9853D /* TaskDetailPresentation.swift */; };
		B844AB2A27B6F51000B9853D /* TaskDetailViewModel.swift in Sources */ = {isa = PBXBuildFile; fileRef = B844AB2927B6F51000B9853D /* TaskDetailViewModel.swift */; };
		B844AB2C27B6F54F00B9853D /* TaskDetail.storyboard in Resources */ = {isa = PBXBuildFile; fileRef = B844AB2B27B6F54F00B9853D /* TaskDetail.storyboard */; };
/* End PBXBuildFile section */

/* Begin PBXContainerItemProxy section */
		B844AA7B27B6CBF600B9853D /* PBXContainerItemProxy */ = {
			isa = PBXContainerItemProxy;
			containerPortal = B844AA5927B6CBF400B9853D /* Project object */;
			proxyType = 1;
			remoteGlobalIDString = B844AA6027B6CBF400B9853D;
			remoteInfo = "To-Do";
		};
		B844AA8527B6CBF600B9853D /* PBXContainerItemProxy */ = {
			isa = PBXContainerItemProxy;
			containerPortal = B844AA5927B6CBF400B9853D /* Project object */;
			proxyType = 1;
			remoteGlobalIDString = B844AA6027B6CBF400B9853D;
			remoteInfo = "To-Do";
		};
/* End PBXContainerItemProxy section */

/* Begin PBXFileReference section */
		B844AA6127B6CBF400B9853D /* To-Do.app */ = {isa = PBXFileReference; explicitFileType = wrapper.application; includeInIndex = 0; path = "To-Do.app"; sourceTree = BUILT_PRODUCTS_DIR; };
		B844AA6427B6CBF400B9853D /* AppDelegate.swift */ = {isa = PBXFileReference; lastKnownFileType = sourcecode.swift; path = AppDelegate.swift; sourceTree = "<group>"; };
		B844AA6627B6CBF400B9853D /* SceneDelegate.swift */ = {isa = PBXFileReference; lastKnownFileType = sourcecode.swift; path = SceneDelegate.swift; sourceTree = "<group>"; };
		B844AA6827B6CBF400B9853D /* ViewController.swift */ = {isa = PBXFileReference; lastKnownFileType = sourcecode.swift; path = ViewController.swift; sourceTree = "<group>"; };
		B844AA6B27B6CBF400B9853D /* Base */ = {isa = PBXFileReference; lastKnownFileType = file.storyboard; name = Base; path = Base.lproj/Main.storyboard; sourceTree = "<group>"; };
		B844AA6E27B6CBF400B9853D /* To_Do.xcdatamodel */ = {isa = PBXFileReference; lastKnownFileType = wrapper.xcdatamodel; path = To_Do.xcdatamodel; sourceTree = "<group>"; };
		B844AA7027B6CBF600B9853D /* Assets.xcassets */ = {isa = PBXFileReference; lastKnownFileType = folder.assetcatalog; path = Assets.xcassets; sourceTree = "<group>"; };
		B844AA7327B6CBF600B9853D /* Base */ = {isa = PBXFileReference; lastKnownFileType = file.storyboard; name = Base; path = Base.lproj/LaunchScreen.storyboard; sourceTree = "<group>"; };
		B844AA7527B6CBF600B9853D /* Info.plist */ = {isa = PBXFileReference; lastKnownFileType = text.plist.xml; path = Info.plist; sourceTree = "<group>"; };
		B844AA7A27B6CBF600B9853D /* To-DoTests.xctest */ = {isa = PBXFileReference; explicitFileType = wrapper.cfbundle; includeInIndex = 0; path = "To-DoTests.xctest"; sourceTree = BUILT_PRODUCTS_DIR; };
		B844AA7E27B6CBF600B9853D /* To_DoTests.swift */ = {isa = PBXFileReference; lastKnownFileType = sourcecode.swift; path = To_DoTests.swift; sourceTree = "<group>"; };
		B844AA8427B6CBF600B9853D /* To-DoUITests.xctest */ = {isa = PBXFileReference; explicitFileType = wrapper.cfbundle; includeInIndex = 0; path = "To-DoUITests.xctest"; sourceTree = BUILT_PRODUCTS_DIR; };
		B844AA8827B6CBF600B9853D /* To_DoUITests.swift */ = {isa = PBXFileReference; lastKnownFileType = sourcecode.swift; path = To_DoUITests.swift; sourceTree = "<group>"; };
		B844AA8A27B6CBF600B9853D /* To_DoUITestsLaunchTests.swift */ = {isa = PBXFileReference; lastKnownFileType = sourcecode.swift; path = To_DoUITestsLaunchTests.swift; sourceTree = "<group>"; };
		B844AB0227B6E93B00B9853D /* TaskListBuilder.swift */ = {isa = PBXFileReference; fileEncoding = 4; lastKnownFileType = sourcecode.swift; path = TaskListBuilder.swift; sourceTree = "<group>"; };
		B844AB0327B6E93B00B9853D /* TaskListPresentation.swift */ = {isa = PBXFileReference; fileEncoding = 4; lastKnownFileType = sourcecode.swift; path = TaskListPresentation.swift; sourceTree = "<group>"; };
		B844AB0427B6E93B00B9853D /* TaskListRouter.swift */ = {isa = PBXFileReference; fileEncoding = 4; lastKnownFileType = sourcecode.swift; path = TaskListRouter.swift; sourceTree = "<group>"; };
		B844AB0527B6E93B00B9853D /* TaskList.storyboard */ = {isa = PBXFileReference; fileEncoding = 4; lastKnownFileType = file.storyboard; path = TaskList.storyboard; sourceTree = "<group>"; };
		B844AB0627B6E93B00B9853D /* TaskListInteractor.swift */ = {isa = PBXFileReference; fileEncoding = 4; lastKnownFileType = sourcecode.swift; path = TaskListInteractor.swift; sourceTree = "<group>"; };
		B844AB0727B6E93B00B9853D /* TaskListContracts.swift */ = {isa = PBXFileReference; fileEncoding = 4; lastKnownFileType = sourcecode.swift; path = TaskListContracts.swift; sourceTree = "<group>"; };
		B844AB0827B6E93B00B9853D /* TaskListViewController.swift */ = {isa = PBXFileReference; fileEncoding = 4; lastKnownFileType = sourcecode.swift; path = TaskListViewController.swift; sourceTree = "<group>"; };
		B844AB0927B6E93B00B9853D /* TaskListPresenter.swift */ = {isa = PBXFileReference; fileEncoding = 4; lastKnownFileType = sourcecode.swift; path = TaskListPresenter.swift; sourceTree = "<group>"; };
		B844AB0C27B6E93B00B9853D /* Constants.swift */ = {isa = PBXFileReference; fileEncoding = 4; lastKnownFileType = sourcecode.swift; path = Constants.swift; sourceTree = "<group>"; };
		B844AB0E27B6E93B00B9853D /* CoreDataManager.swift */ = {isa = PBXFileReference; fileEncoding = 4; lastKnownFileType = sourcecode.swift; path = CoreDataManager.swift; sourceTree = "<group>"; };
		B844AB0F27B6E93B00B9853D /* TaskDTO.swift */ = {isa = PBXFileReference; fileEncoding = 4; lastKnownFileType = sourcecode.swift; path = TaskDTO.swift; sourceTree = "<group>"; };
		B844AB1027B6E93B00B9853D /* LocalNotificationManager.swift */ = {isa = PBXFileReference; fileEncoding = 4; lastKnownFileType = sourcecode.swift; path = LocalNotificationManager.swift; sourceTree = "<group>"; };
		B844AB1127B6E93B00B9853D /* ManagerContracts.swift */ = {isa = PBXFileReference; fileEncoding = 4; lastKnownFileType = sourcecode.swift; path = ManagerContracts.swift; sourceTree = "<group>"; };
		B844AB2027B6F1F400B9853D /* TaskDetailBuilder.swift */ = {isa = PBXFileReference; lastKnownFileType = sourcecode.swift; path = TaskDetailBuilder.swift; sourceTree = "<group>"; };
		B844AB2227B6F34000B9853D /* TaskDetailTableViewController.swift */ = {isa = PBXFileReference; lastKnownFileType = sourcecode.swift; path = TaskDetailTableViewController.swift; sourceTree = "<group>"; };
		B844AB2527B6F3A400B9853D /* TaskDetailContracts.swift */ = {isa = PBXFileReference; lastKnownFileType = sourcecode.swift; path = TaskDetailContracts.swift; sourceTree = "<group>"; };
		B844AB2727B6F3B300B9853D /* TaskDetailPresentation.swift */ = {isa = PBXFileReference; lastKnownFileType = sourcecode.swift; path = TaskDetailPresentation.swift; sourceTree = "<group>"; };
		B844AB2927B6F51000B9853D /* TaskDetailViewModel.swift */ = {isa = PBXFileReference; lastKnownFileType = sourcecode.swift; path = TaskDetailViewModel.swift; sourceTree = "<group>"; };
		B844AB2B27B6F54F00B9853D /* TaskDetail.storyboard */ = {isa = PBXFileReference; fileEncoding = 4; lastKnownFileType = file.storyboard; path = TaskDetail.storyboard; sourceTree = "<group>"; };
/* End PBXFileReference section */

/* Begin PBXFrameworksBuildPhase section */
		B844AA5E27B6CBF400B9853D /* Frameworks */ = {
			isa = PBXFrameworksBuildPhase;
			buildActionMask = 2147483647;
			files = (
			);
			runOnlyForDeploymentPostprocessing = 0;
		};
		B844AA7727B6CBF600B9853D /* Frameworks */ = {
			isa = PBXFrameworksBuildPhase;
			buildActionMask = 2147483647;
			files = (
			);
			runOnlyForDeploymentPostprocessing = 0;
		};
		B844AA8127B6CBF600B9853D /* Frameworks */ = {
			isa = PBXFrameworksBuildPhase;
			buildActionMask = 2147483647;
			files = (
			);
			runOnlyForDeploymentPostprocessing = 0;
		};
/* End PBXFrameworksBuildPhase section */

/* Begin PBXGroup section */
		B844AA5827B6CBF400B9853D = {
			isa = PBXGroup;
			children = (
				B844AA6327B6CBF400B9853D /* To-Do */,
				B844AA7D27B6CBF600B9853D /* To-DoTests */,
				B844AA8727B6CBF600B9853D /* To-DoUITests */,
				B844AA6227B6CBF400B9853D /* Products */,
			);
			sourceTree = "<group>";
		};
		B844AA6227B6CBF400B9853D /* Products */ = {
			isa = PBXGroup;
			children = (
				B844AA6127B6CBF400B9853D /* To-Do.app */,
				B844AA7A27B6CBF600B9853D /* To-DoTests.xctest */,
				B844AA8427B6CBF600B9853D /* To-DoUITests.xctest */,
			);
			name = Products;
			sourceTree = "<group>";
		};
		B844AA6327B6CBF400B9853D /* To-Do */ = {
			isa = PBXGroup;
			children = (
				B844AB0D27B6E93B00B9853D /* Manager */,
				B844AB0027B6E93B00B9853D /* Screens */,
				B844AB0A27B6E93B00B9853D /* Utility */,
				B844AA6427B6CBF400B9853D /* AppDelegate.swift */,
				B844AA6627B6CBF400B9853D /* SceneDelegate.swift */,
				B844AA6827B6CBF400B9853D /* ViewController.swift */,
				B844AA6A27B6CBF400B9853D /* Main.storyboard */,
				B844AA7027B6CBF600B9853D /* Assets.xcassets */,
				B844AA7227B6CBF600B9853D /* LaunchScreen.storyboard */,
				B844AA7527B6CBF600B9853D /* Info.plist */,
				B844AA6D27B6CBF400B9853D /* To_Do.xcdatamodeld */,
			);
			path = "To-Do";
			sourceTree = "<group>";
		};
		B844AA7D27B6CBF600B9853D /* To-DoTests */ = {
			isa = PBXGroup;
			children = (
				B844AA7E27B6CBF600B9853D /* To_DoTests.swift */,
			);
			path = "To-DoTests";
			sourceTree = "<group>";
		};
		B844AA8727B6CBF600B9853D /* To-DoUITests */ = {
			isa = PBXGroup;
			children = (
				B844AA8827B6CBF600B9853D /* To_DoUITests.swift */,
				B844AA8A27B6CBF600B9853D /* To_DoUITestsLaunchTests.swift */,
			);
			path = "To-DoUITests";
			sourceTree = "<group>";
		};
		B844AB0027B6E93B00B9853D /* Screens */ = {
			isa = PBXGroup;
			children = (
				B844AB1F27B6ED0B00B9853D /* TaskDetail */,
				B844AB0127B6E93B00B9853D /* TaskList */,
			);
			path = Screens;
			sourceTree = "<group>";
		};
		B844AB0127B6E93B00B9853D /* TaskList */ = {
			isa = PBXGroup;
			children = (
				B844AB0227B6E93B00B9853D /* TaskListBuilder.swift */,
				B844AB0427B6E93B00B9853D /* TaskListRouter.swift */,
				B844AB0627B6E93B00B9853D /* TaskListInteractor.swift */,
				B844AB0727B6E93B00B9853D /* TaskListContracts.swift */,
				B844AB0927B6E93B00B9853D /* TaskListPresenter.swift */,
				B844AB0327B6E93B00B9853D /* TaskListPresentation.swift */,
				B844AB0827B6E93B00B9853D /* TaskListViewController.swift */,
				B844AB0527B6E93B00B9853D /* TaskList.storyboard */,
			);
			path = TaskList;
			sourceTree = "<group>";
		};
		B844AB0A27B6E93B00B9853D /* Utility */ = {
			isa = PBXGroup;
			children = (
				B844AB0B27B6E93B00B9853D /* Constants */,
			);
			path = Utility;
			sourceTree = "<group>";
		};
		B844AB0B27B6E93B00B9853D /* Constants */ = {
			isa = PBXGroup;
			children = (
				B844AB0C27B6E93B00B9853D /* Constants.swift */,
			);
			path = Constants;
			sourceTree = "<group>";
		};
		B844AB0D27B6E93B00B9853D /* Manager */ = {
			isa = PBXGroup;
			children = (
				B844AB0E27B6E93B00B9853D /* CoreDataManager.swift */,
				B844AB0F27B6E93B00B9853D /* TaskDTO.swift */,
				B844AB1027B6E93B00B9853D /* LocalNotificationManager.swift */,
				B844AB1127B6E93B00B9853D /* ManagerContracts.swift */,
			);
			path = Manager;
			sourceTree = "<group>";
		};
		B844AB1F27B6ED0B00B9853D /* TaskDetail */ = {
			isa = PBXGroup;
			children = (
				B844AB2B27B6F54F00B9853D /* TaskDetail.storyboard */,
				B844AB2027B6F1F400B9853D /* TaskDetailBuilder.swift */,
				B844AB2227B6F34000B9853D /* TaskDetailTableViewController.swift */,
				B844AB2527B6F3A400B9853D /* TaskDetailContracts.swift */,
				B844AB2727B6F3B300B9853D /* TaskDetailPresentation.swift */,
				B844AB2927B6F51000B9853D /* TaskDetailViewModel.swift */,
			);
			path = TaskDetail;
			sourceTree = "<group>";
		};
/* End PBXGroup section */

/* Begin PBXNativeTarget section */
		B844AA6027B6CBF400B9853D /* To-Do */ = {
			isa = PBXNativeTarget;
			buildConfigurationList = B844AA8E27B6CBF600B9853D /* Build configuration list for PBXNativeTarget "To-Do" */;
			buildPhases = (
				B844AA5D27B6CBF400B9853D /* Sources */,
				B844AA5E27B6CBF400B9853D /* Frameworks */,
				B844AA5F27B6CBF400B9853D /* Resources */,
			);
			buildRules = (
			);
			dependencies = (
			);
			name = "To-Do";
			productName = "To-Do";
			productReference = B844AA6127B6CBF400B9853D /* To-Do.app */;
			productType = "com.apple.product-type.application";
		};
		B844AA7927B6CBF600B9853D /* To-DoTests */ = {
			isa = PBXNativeTarget;
			buildConfigurationList = B844AA9127B6CBF600B9853D /* Build configuration list for PBXNativeTarget "To-DoTests" */;
			buildPhases = (
				B844AA7627B6CBF600B9853D /* Sources */,
				B844AA7727B6CBF600B9853D /* Frameworks */,
				B844AA7827B6CBF600B9853D /* Resources */,
			);
			buildRules = (
			);
			dependencies = (
				B844AA7C27B6CBF600B9853D /* PBXTargetDependency */,
			);
			name = "To-DoTests";
			productName = "To-DoTests";
			productReference = B844AA7A27B6CBF600B9853D /* To-DoTests.xctest */;
			productType = "com.apple.product-type.bundle.unit-test";
		};
		B844AA8327B6CBF600B9853D /* To-DoUITests */ = {
			isa = PBXNativeTarget;
			buildConfigurationList = B844AA9427B6CBF600B9853D /* Build configuration list for PBXNativeTarget "To-DoUITests" */;
			buildPhases = (
				B844AA8027B6CBF600B9853D /* Sources */,
				B844AA8127B6CBF600B9853D /* Frameworks */,
				B844AA8227B6CBF600B9853D /* Resources */,
			);
			buildRules = (
			);
			dependencies = (
				B844AA8627B6CBF600B9853D /* PBXTargetDependency */,
			);
			name = "To-DoUITests";
			productName = "To-DoUITests";
			productReference = B844AA8427B6CBF600B9853D /* To-DoUITests.xctest */;
			productType = "com.apple.product-type.bundle.ui-testing";
		};
/* End PBXNativeTarget section */

/* Begin PBXProject section */
		B844AA5927B6CBF400B9853D /* Project object */ = {
			isa = PBXProject;
			attributes = {
				BuildIndependentTargetsInParallel = 1;
				LastSwiftUpdateCheck = 1320;
				LastUpgradeCheck = 1320;
				TargetAttributes = {
					B844AA6027B6CBF400B9853D = {
						CreatedOnToolsVersion = 13.2.1;
					};
					B844AA7927B6CBF600B9853D = {
						CreatedOnToolsVersion = 13.2.1;
						TestTargetID = B844AA6027B6CBF400B9853D;
					};
					B844AA8327B6CBF600B9853D = {
						CreatedOnToolsVersion = 13.2.1;
						TestTargetID = B844AA6027B6CBF400B9853D;
					};
				};
			};
			buildConfigurationList = B844AA5C27B6CBF400B9853D /* Build configuration list for PBXProject "To-Do" */;
			compatibilityVersion = "Xcode 13.0";
			developmentRegion = en;
			hasScannedForEncodings = 0;
			knownRegions = (
				en,
				Base,
			);
			mainGroup = B844AA5827B6CBF400B9853D;
			productRefGroup = B844AA6227B6CBF400B9853D /* Products */;
			projectDirPath = "";
			projectRoot = "";
			targets = (
				B844AA6027B6CBF400B9853D /* To-Do */,
				B844AA7927B6CBF600B9853D /* To-DoTests */,
				B844AA8327B6CBF600B9853D /* To-DoUITests */,
			);
		};
/* End PBXProject section */

/* Begin PBXResourcesBuildPhase section */
		B844AA5F27B6CBF400B9853D /* Resources */ = {
			isa = PBXResourcesBuildPhase;
			buildActionMask = 2147483647;
			files = (
				B844AA7427B6CBF600B9853D /* LaunchScreen.storyboard in Resources */,
				B844AB1527B6E93B00B9853D /* TaskList.storyboard in Resources */,
				B844AB2C27B6F54F00B9853D /* TaskDetail.storyboard in Resources */,
				B844AA7127B6CBF600B9853D /* Assets.xcassets in Resources */,
				B844AA6C27B6CBF400B9853D /* Main.storyboard in Resources */,
			);
			runOnlyForDeploymentPostprocessing = 0;
		};
		B844AA7827B6CBF600B9853D /* Resources */ = {
			isa = PBXResourcesBuildPhase;
			buildActionMask = 2147483647;
			files = (
			);
			runOnlyForDeploymentPostprocessing = 0;
		};
		B844AA8227B6CBF600B9853D /* Resources */ = {
			isa = PBXResourcesBuildPhase;
			buildActionMask = 2147483647;
			files = (
			);
			runOnlyForDeploymentPostprocessing = 0;
		};
/* End PBXResourcesBuildPhase section */

/* Begin PBXSourcesBuildPhase section */
		B844AA5D27B6CBF400B9853D /* Sources */ = {
			isa = PBXSourcesBuildPhase;
			buildActionMask = 2147483647;
			files = (
				B844AB1927B6E93B00B9853D /* TaskListPresenter.swift in Sources */,
				B844AB1327B6E93B00B9853D /* TaskListPresentation.swift in Sources */,
				B844AB2127B6F1F400B9853D /* TaskDetailBuilder.swift in Sources */,
				B844AB1727B6E93B00B9853D /* TaskListContracts.swift in Sources */,
				B844AA6927B6CBF400B9853D /* ViewController.swift in Sources */,
				B844AA6527B6CBF400B9853D /* AppDelegate.swift in Sources */,
				B844AA6727B6CBF400B9853D /* SceneDelegate.swift in Sources */,
				B844AB1C27B6E93B00B9853D /* TaskDTO.swift in Sources */,
				B844AB1227B6E93B00B9853D /* TaskListBuilder.swift in Sources */,
				B844AB1B27B6E93B00B9853D /* CoreDataManager.swift in Sources */,
				B844AB1627B6E93B00B9853D /* TaskListInteractor.swift in Sources */,
				B844AB2A27B6F51000B9853D /* TaskDetailViewModel.swift in Sources */,
				B844AA6F27B6CBF400B9853D /* To_Do.xcdatamodeld in Sources */,
				B844AB2627B6F3A400B9853D /* TaskDetailContracts.swift in Sources */,
				B844AB1427B6E93B00B9853D /* TaskListRouter.swift in Sources */,
				B844AB1D27B6E93B00B9853D /* LocalNotificationManager.swift in Sources */,
				B844AB1E27B6E93B00B9853D /* ManagerContracts.swift in Sources */,
				B844AB1827B6E93B00B9853D /* TaskListViewController.swift in Sources */,
				B844AB2827B6F3B300B9853D /* TaskDetailPresentation.swift in Sources */,
				B844AB1A27B6E93B00B9853D /* Constants.swift in Sources */,
				B844AB2327B6F34000B9853D /* TaskDetailTableViewController.swift in Sources */,
			);
			runOnlyForDeploymentPostprocessing = 0;
		};
		B844AA7627B6CBF600B9853D /* Sources */ = {
			isa = PBXSourcesBuildPhase;
			buildActionMask = 2147483647;
			files = (
				B844AA7F27B6CBF600B9853D /* To_DoTests.swift in Sources */,
			);
			runOnlyForDeploymentPostprocessing = 0;
		};
		B844AA8027B6CBF600B9853D /* Sources */ = {
			isa = PBXSourcesBuildPhase;
			buildActionMask = 2147483647;
			files = (
				B844AA8B27B6CBF600B9853D /* To_DoUITestsLaunchTests.swift in Sources */,
				B844AA8927B6CBF600B9853D /* To_DoUITests.swift in Sources */,
			);
			runOnlyForDeploymentPostprocessing = 0;
		};
/* End PBXSourcesBuildPhase section */

/* Begin PBXTargetDependency section */
		B844AA7C27B6CBF600B9853D /* PBXTargetDependency */ = {
			isa = PBXTargetDependency;
			target = B844AA6027B6CBF400B9853D /* To-Do */;
			targetProxy = B844AA7B27B6CBF600B9853D /* PBXContainerItemProxy */;
		};
		B844AA8627B6CBF600B9853D /* PBXTargetDependency */ = {
			isa = PBXTargetDependency;
			target = B844AA6027B6CBF400B9853D /* To-Do */;
			targetProxy = B844AA8527B6CBF600B9853D /* PBXContainerItemProxy */;
		};
/* End PBXTargetDependency section */

/* Begin PBXVariantGroup section */
		B844AA6A27B6CBF400B9853D /* Main.storyboard */ = {
			isa = PBXVariantGroup;
			children = (
				B844AA6B27B6CBF400B9853D /* Base */,
			);
			name = Main.storyboard;
			sourceTree = "<group>";
		};
		B844AA7227B6CBF600B9853D /* LaunchScreen.storyboard */ = {
			isa = PBXVariantGroup;
			children = (
				B844AA7327B6CBF600B9853D /* Base */,
			);
			name = LaunchScreen.storyboard;
			sourceTree = "<group>";
		};
/* End PBXVariantGroup section */

/* Begin XCBuildConfiguration section */
		B844AA8C27B6CBF600B9853D /* Debug */ = {
			isa = XCBuildConfiguration;
			buildSettings = {
				ALWAYS_SEARCH_USER_PATHS = NO;
				CLANG_ANALYZER_NONNULL = YES;
				CLANG_ANALYZER_NUMBER_OBJECT_CONVERSION = YES_AGGRESSIVE;
				CLANG_CXX_LANGUAGE_STANDARD = "gnu++17";
				CLANG_CXX_LIBRARY = "libc++";
				CLANG_ENABLE_MODULES = YES;
				CLANG_ENABLE_OBJC_ARC = YES;
				CLANG_ENABLE_OBJC_WEAK = YES;
				CLANG_WARN_BLOCK_CAPTURE_AUTORELEASING = YES;
				CLANG_WARN_BOOL_CONVERSION = YES;
				CLANG_WARN_COMMA = YES;
				CLANG_WARN_CONSTANT_CONVERSION = YES;
				CLANG_WARN_DEPRECATED_OBJC_IMPLEMENTATIONS = YES;
				CLANG_WARN_DIRECT_OBJC_ISA_USAGE = YES_ERROR;
				CLANG_WARN_DOCUMENTATION_COMMENTS = YES;
				CLANG_WARN_EMPTY_BODY = YES;
				CLANG_WARN_ENUM_CONVERSION = YES;
				CLANG_WARN_INFINITE_RECURSION = YES;
				CLANG_WARN_INT_CONVERSION = YES;
				CLANG_WARN_NON_LITERAL_NULL_CONVERSION = YES;
				CLANG_WARN_OBJC_IMPLICIT_RETAIN_SELF = YES;
				CLANG_WARN_OBJC_LITERAL_CONVERSION = YES;
				CLANG_WARN_OBJC_ROOT_CLASS = YES_ERROR;
				CLANG_WARN_QUOTED_INCLUDE_IN_FRAMEWORK_HEADER = YES;
				CLANG_WARN_RANGE_LOOP_ANALYSIS = YES;
				CLANG_WARN_STRICT_PROTOTYPES = YES;
				CLANG_WARN_SUSPICIOUS_MOVE = YES;
				CLANG_WARN_UNGUARDED_AVAILABILITY = YES_AGGRESSIVE;
				CLANG_WARN_UNREACHABLE_CODE = YES;
				CLANG_WARN__DUPLICATE_METHOD_MATCH = YES;
				COPY_PHASE_STRIP = NO;
				DEBUG_INFORMATION_FORMAT = dwarf;
				ENABLE_STRICT_OBJC_MSGSEND = YES;
				ENABLE_TESTABILITY = YES;
				GCC_C_LANGUAGE_STANDARD = gnu11;
				GCC_DYNAMIC_NO_PIC = NO;
				GCC_NO_COMMON_BLOCKS = YES;
				GCC_OPTIMIZATION_LEVEL = 0;
				GCC_PREPROCESSOR_DEFINITIONS = (
					"DEBUG=1",
					"$(inherited)",
				);
				GCC_WARN_64_TO_32_BIT_CONVERSION = YES;
				GCC_WARN_ABOUT_RETURN_TYPE = YES_ERROR;
				GCC_WARN_UNDECLARED_SELECTOR = YES;
				GCC_WARN_UNINITIALIZED_AUTOS = YES_AGGRESSIVE;
				GCC_WARN_UNUSED_FUNCTION = YES;
				GCC_WARN_UNUSED_VARIABLE = YES;
				IPHONEOS_DEPLOYMENT_TARGET = 15.2;
				MTL_ENABLE_DEBUG_INFO = INCLUDE_SOURCE;
				MTL_FAST_MATH = YES;
				ONLY_ACTIVE_ARCH = YES;
				SDKROOT = iphoneos;
				SWIFT_ACTIVE_COMPILATION_CONDITIONS = DEBUG;
				SWIFT_OPTIMIZATION_LEVEL = "-Onone";
			};
			name = Debug;
		};
		B844AA8D27B6CBF600B9853D /* Release */ = {
			isa = XCBuildConfiguration;
			buildSettings = {
				ALWAYS_SEARCH_USER_PATHS = NO;
				CLANG_ANALYZER_NONNULL = YES;
				CLANG_ANALYZER_NUMBER_OBJECT_CONVERSION = YES_AGGRESSIVE;
				CLANG_CXX_LANGUAGE_STANDARD = "gnu++17";
				CLANG_CXX_LIBRARY = "libc++";
				CLANG_ENABLE_MODULES = YES;
				CLANG_ENABLE_OBJC_ARC = YES;
				CLANG_ENABLE_OBJC_WEAK = YES;
				CLANG_WARN_BLOCK_CAPTURE_AUTORELEASING = YES;
				CLANG_WARN_BOOL_CONVERSION = YES;
				CLANG_WARN_COMMA = YES;
				CLANG_WARN_CONSTANT_CONVERSION = YES;
				CLANG_WARN_DEPRECATED_OBJC_IMPLEMENTATIONS = YES;
				CLANG_WARN_DIRECT_OBJC_ISA_USAGE = YES_ERROR;
				CLANG_WARN_DOCUMENTATION_COMMENTS = YES;
				CLANG_WARN_EMPTY_BODY = YES;
				CLANG_WARN_ENUM_CONVERSION = YES;
				CLANG_WARN_INFINITE_RECURSION = YES;
				CLANG_WARN_INT_CONVERSION = YES;
				CLANG_WARN_NON_LITERAL_NULL_CONVERSION = YES;
				CLANG_WARN_OBJC_IMPLICIT_RETAIN_SELF = YES;
				CLANG_WARN_OBJC_LITERAL_CONVERSION = YES;
				CLANG_WARN_OBJC_ROOT_CLASS = YES_ERROR;
				CLANG_WARN_QUOTED_INCLUDE_IN_FRAMEWORK_HEADER = YES;
				CLANG_WARN_RANGE_LOOP_ANALYSIS = YES;
				CLANG_WARN_STRICT_PROTOTYPES = YES;
				CLANG_WARN_SUSPICIOUS_MOVE = YES;
				CLANG_WARN_UNGUARDED_AVAILABILITY = YES_AGGRESSIVE;
				CLANG_WARN_UNREACHABLE_CODE = YES;
				CLANG_WARN__DUPLICATE_METHOD_MATCH = YES;
				COPY_PHASE_STRIP = NO;
				DEBUG_INFORMATION_FORMAT = "dwarf-with-dsym";
				ENABLE_NS_ASSERTIONS = NO;
				ENABLE_STRICT_OBJC_MSGSEND = YES;
				GCC_C_LANGUAGE_STANDARD = gnu11;
				GCC_NO_COMMON_BLOCKS = YES;
				GCC_WARN_64_TO_32_BIT_CONVERSION = YES;
				GCC_WARN_ABOUT_RETURN_TYPE = YES_ERROR;
				GCC_WARN_UNDECLARED_SELECTOR = YES;
				GCC_WARN_UNINITIALIZED_AUTOS = YES_AGGRESSIVE;
				GCC_WARN_UNUSED_FUNCTION = YES;
				GCC_WARN_UNUSED_VARIABLE = YES;
				IPHONEOS_DEPLOYMENT_TARGET = 15.2;
				MTL_ENABLE_DEBUG_INFO = NO;
				MTL_FAST_MATH = YES;
				SDKROOT = iphoneos;
				SWIFT_COMPILATION_MODE = wholemodule;
				SWIFT_OPTIMIZATION_LEVEL = "-O";
				VALIDATE_PRODUCT = YES;
			};
			name = Release;
		};
		B844AA8F27B6CBF600B9853D /* Debug */ = {
			isa = XCBuildConfiguration;
			buildSettings = {
				ASSETCATALOG_COMPILER_APPICON_NAME = AppIcon;
				ASSETCATALOG_COMPILER_GLOBAL_ACCENT_COLOR_NAME = AccentColor;
				CODE_SIGN_STYLE = Automatic;
				CURRENT_PROJECT_VERSION = 1;
				GENERATE_INFOPLIST_FILE = YES;
				INFOPLIST_FILE = "To-Do/Info.plist";
				INFOPLIST_KEY_UIApplicationSupportsIndirectInputEvents = YES;
				INFOPLIST_KEY_UILaunchStoryboardName = LaunchScreen;
				INFOPLIST_KEY_UIMainStoryboardFile = Main;
				INFOPLIST_KEY_UISupportedInterfaceOrientations_iPad = "UIInterfaceOrientationPortrait UIInterfaceOrientationPortraitUpsideDown UIInterfaceOrientationLandscapeLeft UIInterfaceOrientationLandscapeRight";
				INFOPLIST_KEY_UISupportedInterfaceOrientations_iPhone = "UIInterfaceOrientationPortrait UIInterfaceOrientationLandscapeLeft UIInterfaceOrientationLandscapeRight";
				LD_RUNPATH_SEARCH_PATHS = (
					"$(inherited)",
					"@executable_path/Frameworks",
				);
				MARKETING_VERSION = 1.0;
				PRODUCT_BUNDLE_IDENTIFIER = "eser.To-Do";
				PRODUCT_NAME = "$(TARGET_NAME)";
				SWIFT_EMIT_LOC_STRINGS = YES;
				SWIFT_VERSION = 5.0;
				TARGETED_DEVICE_FAMILY = "1,2";
			};
			name = Debug;
		};
		B844AA9027B6CBF600B9853D /* Release */ = {
			isa = XCBuildConfiguration;
			buildSettings = {
				ASSETCATALOG_COMPILER_APPICON_NAME = AppIcon;
				ASSETCATALOG_COMPILER_GLOBAL_ACCENT_COLOR_NAME = AccentColor;
				CODE_SIGN_STYLE = Automatic;
				CURRENT_PROJECT_VERSION = 1;
				GENERATE_INFOPLIST_FILE = YES;
				INFOPLIST_FILE = "To-Do/Info.plist";
				INFOPLIST_KEY_UIApplicationSupportsIndirectInputEvents = YES;
				INFOPLIST_KEY_UILaunchStoryboardName = LaunchScreen;
				INFOPLIST_KEY_UIMainStoryboardFile = Main;
				INFOPLIST_KEY_UISupportedInterfaceOrientations_iPad = "UIInterfaceOrientationPortrait UIInterfaceOrientationPortraitUpsideDown UIInterfaceOrientationLandscapeLeft UIInterfaceOrientationLandscapeRight";
				INFOPLIST_KEY_UISupportedInterfaceOrientations_iPhone = "UIInterfaceOrientationPortrait UIInterfaceOrientationLandscapeLeft UIInterfaceOrientationLandscapeRight";
				LD_RUNPATH_SEARCH_PATHS = (
					"$(inherited)",
					"@executable_path/Frameworks",
				);
				MARKETING_VERSION = 1.0;
				PRODUCT_BUNDLE_IDENTIFIER = "eser.To-Do";
				PRODUCT_NAME = "$(TARGET_NAME)";
				SWIFT_EMIT_LOC_STRINGS = YES;
				SWIFT_VERSION = 5.0;
				TARGETED_DEVICE_FAMILY = "1,2";
			};
			name = Release;
		};
		B844AA9227B6CBF600B9853D /* Debug */ = {
			isa = XCBuildConfiguration;
			buildSettings = {
				ALWAYS_EMBED_SWIFT_STANDARD_LIBRARIES = YES;
				BUNDLE_LOADER = "$(TEST_HOST)";
				CODE_SIGN_STYLE = Automatic;
				CURRENT_PROJECT_VERSION = 1;
				GENERATE_INFOPLIST_FILE = YES;
				IPHONEOS_DEPLOYMENT_TARGET = 15.2;
				MARKETING_VERSION = 1.0;
				PRODUCT_BUNDLE_IDENTIFIER = "eser.To-DoTests";
				PRODUCT_NAME = "$(TARGET_NAME)";
				SWIFT_EMIT_LOC_STRINGS = NO;
				SWIFT_VERSION = 5.0;
				TARGETED_DEVICE_FAMILY = "1,2";
				TEST_HOST = "$(BUILT_PRODUCTS_DIR)/To-Do.app/To-Do";
			};
			name = Debug;
		};
		B844AA9327B6CBF600B9853D /* Release */ = {
			isa = XCBuildConfiguration;
			buildSettings = {
				ALWAYS_EMBED_SWIFT_STANDARD_LIBRARIES = YES;
				BUNDLE_LOADER = "$(TEST_HOST)";
				CODE_SIGN_STYLE = Automatic;
				CURRENT_PROJECT_VERSION = 1;
				GENERATE_INFOPLIST_FILE = YES;
				IPHONEOS_DEPLOYMENT_TARGET = 15.2;
				MARKETING_VERSION = 1.0;
				PRODUCT_BUNDLE_IDENTIFIER = "eser.To-DoTests";
				PRODUCT_NAME = "$(TARGET_NAME)";
				SWIFT_EMIT_LOC_STRINGS = NO;
				SWIFT_VERSION = 5.0;
				TARGETED_DEVICE_FAMILY = "1,2";
				TEST_HOST = "$(BUILT_PRODUCTS_DIR)/To-Do.app/To-Do";
			};
			name = Release;
		};
		B844AA9527B6CBF600B9853D /* Debug */ = {
			isa = XCBuildConfiguration;
			buildSettings = {
				ALWAYS_EMBED_SWIFT_STANDARD_LIBRARIES = YES;
				CODE_SIGN_STYLE = Automatic;
				CURRENT_PROJECT_VERSION = 1;
				GENERATE_INFOPLIST_FILE = YES;
				MARKETING_VERSION = 1.0;
				PRODUCT_BUNDLE_IDENTIFIER = "eser.To-DoUITests";
				PRODUCT_NAME = "$(TARGET_NAME)";
				SWIFT_EMIT_LOC_STRINGS = NO;
				SWIFT_VERSION = 5.0;
				TARGETED_DEVICE_FAMILY = "1,2";
				TEST_TARGET_NAME = "To-Do";
			};
			name = Debug;
		};
		B844AA9627B6CBF600B9853D /* Release */ = {
			isa = XCBuildConfiguration;
			buildSettings = {
				ALWAYS_EMBED_SWIFT_STANDARD_LIBRARIES = YES;
				CODE_SIGN_STYLE = Automatic;
				CURRENT_PROJECT_VERSION = 1;
				GENERATE_INFOPLIST_FILE = YES;
				MARKETING_VERSION = 1.0;
				PRODUCT_BUNDLE_IDENTIFIER = "eser.To-DoUITests";
				PRODUCT_NAME = "$(TARGET_NAME)";
				SWIFT_EMIT_LOC_STRINGS = NO;
				SWIFT_VERSION = 5.0;
				TARGETED_DEVICE_FAMILY = "1,2";
				TEST_TARGET_NAME = "To-Do";
			};
			name = Release;
		};
/* End XCBuildConfiguration section */

/* Begin XCConfigurationList section */
		B844AA5C27B6CBF400B9853D /* Build configuration list for PBXProject "To-Do" */ = {
			isa = XCConfigurationList;
			buildConfigurations = (
				B844AA8C27B6CBF600B9853D /* Debug */,
				B844AA8D27B6CBF600B9853D /* Release */,
			);
			defaultConfigurationIsVisible = 0;
			defaultConfigurationName = Release;
		};
		B844AA8E27B6CBF600B9853D /* Build configuration list for PBXNativeTarget "To-Do" */ = {
			isa = XCConfigurationList;
			buildConfigurations = (
				B844AA8F27B6CBF600B9853D /* Debug */,
				B844AA9027B6CBF600B9853D /* Release */,
			);
			defaultConfigurationIsVisible = 0;
			defaultConfigurationName = Release;
		};
		B844AA9127B6CBF600B9853D /* Build configuration list for PBXNativeTarget "To-DoTests" */ = {
			isa = XCConfigurationList;
			buildConfigurations = (
				B844AA9227B6CBF600B9853D /* Debug */,
				B844AA9327B6CBF600B9853D /* Release */,
			);
			defaultConfigurationIsVisible = 0;
			defaultConfigurationName = Release;
		};
		B844AA9427B6CBF600B9853D /* Build configuration list for PBXNativeTarget "To-DoUITests" */ = {
			isa = XCConfigurationList;
			buildConfigurations = (
				B844AA9527B6CBF600B9853D /* Debug */,
				B844AA9627B6CBF600B9853D /* Release */,
			);
			defaultConfigurationIsVisible = 0;
			defaultConfigurationName = Release;
		};
/* End XCConfigurationList section */

/* Begin XCVersionGroup section */
		B844AA6D27B6CBF400B9853D /* To_Do.xcdatamodeld */ = {
			isa = XCVersionGroup;
			children = (
				B844AA6E27B6CBF400B9853D /* To_Do.xcdatamodel */,
			);
			currentVersion = B844AA6E27B6CBF400B9853D /* To_Do.xcdatamodel */;
			path = To_Do.xcdatamodeld;
			sourceTree = "<group>";
			versionGroupType = wrapper.xcdatamodel;
		};
/* End XCVersionGroup section */
	};
	rootObject = B844AA5927B6CBF400B9853D /* Project object */;
}
